
Microsoft Visual Studio Solution File, Format Version 12.00
# Visual Studio 15
VisualStudioVersion = 15.0.28307.271
MinimumVisualStudioVersion = 10.0.40219.1
Project("{FAE04EC0-301F-11D3-BF4B-00C04F79EFBC}") = "Rotating3DSierpinskiTriangle", "Rotating3DSierpinskiTriangle\Rotating3DSierpinskiTriangle.csproj", "{B1BD9ECC-3738-4AAC-A393-C65175326A41}"
EndProject
Global
	GlobalSection(SolutionConfigurationPlatforms) = preSolution
		Debug|Any CPU = Debug|Any CPU
		Release|Any CPU = Release|Any CPU
	EndGlobalSection
	GlobalSection(ProjectConfigurationPlatforms) = postSolution
		{B1BD9ECC-3738-4AAC-A393-C65175326A41}.Debug|Any CPU.ActiveCfg = Debug|Any CPU
		{B1BD9ECC-3738-4AAC-A393-C65175326A41}.Debug|Any CPU.Build.0 = Debug|Any CPU
		{B1BD9ECC-3738-4AAC-A393-C65175326A41}.Release|Any CPU.ActiveCfg = Release|Any CPU
		{B1BD9ECC-3738-4AAC-A393-C65175326A41}.Release|Any CPU.Build.0 = Release|Any CPU
	EndGlobalSection
	GlobalSection(SolutionProperties) = preSolution
		HideSolutionNode = FALSE
	EndGlobalSection
	GlobalSection(ExtensibilityGlobals) = postSolution
		SolutionGuid = {EFC3719A-CD5F-436C-A624-5AEF7889C48C}
	EndGlobalSection
EndGlobal
